
Microsoft Visual Studio Solution File, Format Version 12.00
# Visual Studio 15
VisualStudioVersion = 15.0.28307.421
MinimumVisualStudioVersion = 10.0.40219.1
Project("{9A19103F-16F7-4668-BE54-9A1E7A4F7556}") = "XamarinUniverse-Backend", "XamarinUniverse-Backend\XamarinUniverse-Backend.csproj", "{81A4647E-ACFC-43C0-9D03-A0F1717E610C}"
EndProject
Project("{FAE04EC0-301F-11D3-BF4B-00C04F79EFBC}") = "XamarinUniverse-Backend.Test", "XamarinUniverse-Backend.Test\XamarinUniverse-Backend.Test.csproj", "{8F80FF5D-E92F-4E08-B6E4-DE83E58A71FC}"
EndProject
Global
	GlobalSection(SolutionConfigurationPlatforms) = preSolution
		Debug|Any CPU = Debug|Any CPU
		Release|Any CPU = Release|Any CPU
	EndGlobalSection
	GlobalSection(ProjectConfigurationPlatforms) = postSolution
		{81A4647E-ACFC-43C0-9D03-A0F1717E610C}.Debug|Any CPU.ActiveCfg = Debug|Any CPU
		{81A4647E-ACFC-43C0-9D03-A0F1717E610C}.Debug|Any CPU.Build.0 = Debug|Any CPU
		{81A4647E-ACFC-43C0-9D03-A0F1717E610C}.Release|Any CPU.ActiveCfg = Release|Any CPU
		{81A4647E-ACFC-43C0-9D03-A0F1717E610C}.Release|Any CPU.Build.0 = Release|Any CPU
		{8F80FF5D-E92F-4E08-B6E4-DE83E58A71FC}.Debug|Any CPU.ActiveCfg = Debug|Any CPU
		{8F80FF5D-E92F-4E08-B6E4-DE83E58A71FC}.Debug|Any CPU.Build.0 = Debug|Any CPU
		{8F80FF5D-E92F-4E08-B6E4-DE83E58A71FC}.Release|Any CPU.ActiveCfg = Release|Any CPU
		{8F80FF5D-E92F-4E08-B6E4-DE83E58A71FC}.Release|Any CPU.Build.0 = Release|Any CPU
	EndGlobalSection
	GlobalSection(SolutionProperties) = preSolution
		HideSolutionNode = FALSE
	EndGlobalSection
	GlobalSection(ExtensibilityGlobals) = postSolution
		SolutionGuid = {06109014-CA2E-4125-9860-C52CC4CA4EA7}
	EndGlobalSection
EndGlobal
